
Microsoft Visual Studio Solution File, Format Version 12.00
# Visual Studio Version 16
VisualStudioVersion = 16.0.30413.136
MinimumVisualStudioVersion = 10.0.40219.1
Project("{9A19103F-16F7-4668-BE54-9A1E7A4F7556}") = "warbler", "warbler\warbler.csproj", "{9BA9B103-3CFE-4475-BD59-654B393613E2}"
EndProject
Global
	GlobalSection(SolutionConfigurationPlatforms) = preSolution
		Debug|Any CPU = Debug|Any CPU
		Release|Any CPU = Release|Any CPU
	EndGlobalSection
	GlobalSection(ProjectConfigurationPlatforms) = postSolution
		{9BA9B103-3CFE-4475-BD59-654B393613E2}.Debug|Any CPU.ActiveCfg = Debug|Any CPU
		{9BA9B103-3CFE-4475-BD59-654B393613E2}.Debug|Any CPU.Build.0 = Debug|Any CPU
		{9BA9B103-3CFE-4475-BD59-654B393613E2}.Release|Any CPU.ActiveCfg = Release|Any CPU
		{9BA9B103-3CFE-4475-BD59-654B393613E2}.Release|Any CPU.Build.0 = Release|Any CPU
	EndGlobalSection
	GlobalSection(SolutionProperties) = preSolution
		HideSolutionNode = FALSE
	EndGlobalSection
	GlobalSection(ExtensibilityGlobals) = postSolution
		SolutionGuid = {A710DA8A-40E5-4338-88AC-4D1C992E079B}
	EndGlobalSection
EndGlobal
